
Microsoft Visual Studio Solution File, Format Version 12.00
# Visual Studio Version 16
VisualStudioVersion = 16.0.31624.102
MinimumVisualStudioVersion = 10.0.40219.1
Project("{FAE04EC0-301F-11D3-BF4B-00C04F79EFBC}") = "task1", "task1\task1.csproj", "{BF7793E7-9935-4A3F-A351-25EF640AE8D9}"
EndProject
Global
	GlobalSection(SolutionConfigurationPlatforms) = preSolution
		Debug|Any CPU = Debug|Any CPU
		Release|Any CPU = Release|Any CPU
	EndGlobalSection
	GlobalSection(ProjectConfigurationPlatforms) = postSolution
		{BF7793E7-9935-4A3F-A351-25EF640AE8D9}.Debug|Any CPU.ActiveCfg = Debug|Any CPU
		{BF7793E7-9935-4A3F-A351-25EF640AE8D9}.Debug|Any CPU.Build.0 = Debug|Any CPU
		{BF7793E7-9935-4A3F-A351-25EF640AE8D9}.Release|Any CPU.ActiveCfg = Release|Any CPU
		{BF7793E7-9935-4A3F-A351-25EF640AE8D9}.Release|Any CPU.Build.0 = Release|Any CPU
	EndGlobalSection
	GlobalSection(SolutionProperties) = preSolution
		HideSolutionNode = FALSE
	EndGlobalSection
	GlobalSection(ExtensibilityGlobals) = postSolution
		SolutionGuid = {FF4CA551-7096-43E1-9BA6-84E095FB17D1}
	EndGlobalSection
EndGlobal
